
Microsoft Visual Studio Solution File, Format Version 12.00
# Visual Studio 15
VisualStudioVersion = 15.0.28307.572
MinimumVisualStudioVersion = 10.0.40219.1
Project("{FAE04EC0-301F-11D3-BF4B-00C04F79EFBC}") = "OpenCVSharp", "OpenCV_CS\OpenCVSharp.csproj", "{E26E4213-7B7E-41BB-A223-97B82C0C8537}"
EndProject
Project("{54435603-DBB4-11D2-8724-00A0C9A8B90C}") = "Setup", "Setup\Setup.vdproj", "{331C0FEC-4508-48BE-BF93-640606F36CD0}"
EndProject
Global
	GlobalSection(SolutionConfigurationPlatforms) = preSolution
		Debug|Any CPU = Debug|Any CPU
		Release|Any CPU = Release|Any CPU
	EndGlobalSection
	GlobalSection(ProjectConfigurationPlatforms) = postSolution
		{E26E4213-7B7E-41BB-A223-97B82C0C8537}.Debug|Any CPU.ActiveCfg = Debug|Any CPU
		{E26E4213-7B7E-41BB-A223-97B82C0C8537}.Debug|Any CPU.Build.0 = Debug|Any CPU
		{E26E4213-7B7E-41BB-A223-97B82C0C8537}.Release|Any CPU.ActiveCfg = Release|Any CPU
		{E26E4213-7B7E-41BB-A223-97B82C0C8537}.Release|Any CPU.Build.0 = Release|Any CPU
		{331C0FEC-4508-48BE-BF93-640606F36CD0}.Debug|Any CPU.ActiveCfg = Debug
		{331C0FEC-4508-48BE-BF93-640606F36CD0}.Release|Any CPU.ActiveCfg = Release
	EndGlobalSection
	GlobalSection(SolutionProperties) = preSolution
		HideSolutionNode = FALSE
	EndGlobalSection
	GlobalSection(ExtensibilityGlobals) = postSolution
		SolutionGuid = {269BADF8-8B40-40A8-89F4-BF931F96FA6B}
	EndGlobalSection
EndGlobal
